
Microsoft Visual Studio Solution File, Format Version 12.00
# Visual Studio Version 17
VisualStudioVersion = 17.11.35327.3
MinimumVisualStudioVersion = 10.0.40219.1
Project("{FAE04EC0-301F-11D3-BF4B-00C04F79EFBC}") = "RippedAndFit.Web", "RippedAndFit.Web\RippedAndFit.Web.csproj", "{B514044A-A180-4233-9D99-40DFEAD16A5C}"
EndProject
Project("{FAE04EC0-301F-11D3-BF4B-00C04F79EFBC}") = "RippedAndFit.Domain", "RippedAndFit.Domain\RippedAndFit.Domain.csproj", "{BA755867-E2E9-4618-BF6A-F01487BBC138}"
EndProject
Project("{FAE04EC0-301F-11D3-BF4B-00C04F79EFBC}") = "RippedAndFit.Infrastructure", "RippedAndFit.Infrastructure\RippedAndFit.Infrastructure.csproj", "{BF5F300D-88C7-4EA4-AF8C-9EA94937A2EE}"
EndProject
Project("{FAE04EC0-301F-11D3-BF4B-00C04F79EFBC}") = "RippedAndFit.Application", "RippedAndFit.Application\RippedAndFit.Application.csproj", "{6757BF6E-2D21-4D3A-8416-255915A33379}"
EndProject
Global
	GlobalSection(SolutionConfigurationPlatforms) = preSolution
		Debug|Any CPU = Debug|Any CPU
		Release|Any CPU = Release|Any CPU
	EndGlobalSection
	GlobalSection(ProjectConfigurationPlatforms) = postSolution
		{B514044A-A180-4233-9D99-40DFEAD16A5C}.Debug|Any CPU.ActiveCfg = Debug|Any CPU
		{B514044A-A180-4233-9D99-40DFEAD16A5C}.Debug|Any CPU.Build.0 = Debug|Any CPU
		{B514044A-A180-4233-9D99-40DFEAD16A5C}.Release|Any CPU.ActiveCfg = Release|Any CPU
		{B514044A-A180-4233-9D99-40DFEAD16A5C}.Release|Any CPU.Build.0 = Release|Any CPU
		{BA755867-E2E9-4618-BF6A-F01487BBC138}.Debug|Any CPU.ActiveCfg = Debug|Any CPU
		{BA755867-E2E9-4618-BF6A-F01487BBC138}.Debug|Any CPU.Build.0 = Debug|Any CPU
		{BA755867-E2E9-4618-BF6A-F01487BBC138}.Release|Any CPU.ActiveCfg = Release|Any CPU
		{BA755867-E2E9-4618-BF6A-F01487BBC138}.Release|Any CPU.Build.0 = Release|Any CPU
		{BF5F300D-88C7-4EA4-AF8C-9EA94937A2EE}.Debug|Any CPU.ActiveCfg = Debug|Any CPU
		{BF5F300D-88C7-4EA4-AF8C-9EA94937A2EE}.Debug|Any CPU.Build.0 = Debug|Any CPU
		{BF5F300D-88C7-4EA4-AF8C-9EA94937A2EE}.Release|Any CPU.ActiveCfg = Release|Any CPU
		{BF5F300D-88C7-4EA4-AF8C-9EA94937A2EE}.Release|Any CPU.Build.0 = Release|Any CPU
		{6757BF6E-2D21-4D3A-8416-255915A33379}.Debug|Any CPU.ActiveCfg = Debug|Any CPU
		{6757BF6E-2D21-4D3A-8416-255915A33379}.Debug|Any CPU.Build.0 = Debug|Any CPU
		{6757BF6E-2D21-4D3A-8416-255915A33379}.Release|Any CPU.ActiveCfg = Release|Any CPU
		{6757BF6E-2D21-4D3A-8416-255915A33379}.Release|Any CPU.Build.0 = Release|Any CPU
	EndGlobalSection
	GlobalSection(SolutionProperties) = preSolution
		HideSolutionNode = FALSE
	EndGlobalSection
	GlobalSection(ExtensibilityGlobals) = postSolution
		SolutionGuid = {98B7C137-05A0-46CC-981B-AF60EC4CF85A}
	EndGlobalSection
EndGlobal
